// !$*UTF8*$!
{
	archiveVersion = 1;
	classes = {
	};
	objectVersion = 46;
	objects = {

/* Begin PBXBuildFile section */
		4C91EC581ACF640A00074654 /* AppDelegate.swift in Sources */ = {isa = PBXBuildFile; fileRef = 4C91EC571ACF640A00074654 /* AppDelegate.swift */; };
		4C91EC5A1ACF640A00074654 /* ViewController.swift in Sources */ = {isa = PBXBuildFile; fileRef = 4C91EC591ACF640A00074654 /* ViewController.swift */; };
		4C91EC5D1ACF640A00074654 /* Main.storyboard in Resources */ = {isa = PBXBuildFile; fileRef = 4C91EC5B1ACF640A00074654 /* Main.storyboard */; };
		4C91EC5F1ACF640A00074654 /* Images.xcassets in Resources */ = {isa = PBXBuildFile; fileRef = 4C91EC5E1ACF640A00074654 /* Images.xcassets */; };
		4C91EC621ACF640A00074654 /* LaunchScreen.xib in Resources */ = {isa = PBXBuildFile; fileRef = 4C91EC601ACF640A00074654 /* LaunchScreen.xib */; };
		4C91EC6E1ACF640A00074654 /* Lecture_Calculator_DemoTests.swift in Sources */ = {isa = PBXBuildFile; fileRef = 4C91EC6D1ACF640A00074654 /* Lecture_Calculator_DemoTests.swift */; };
		4CE1CEB71AD89D4800EBB08C /* CalculatorBrain.swift in Sources */ = {isa = PBXBuildFile; fileRef = 4CE1CEB61AD89D4800EBB08C /* CalculatorBrain.swift */; };
/* End PBXBuildFile section */

/* Begin PBXContainerItemProxy section */
		4C91EC681ACF640A00074654 /* PBXContainerItemProxy */ = {
			isa = PBXContainerItemProxy;
			containerPortal = 4C91EC4A1ACF640900074654 /* Project object */;
			proxyType = 1;
			remoteGlobalIDString = 4C91EC511ACF640900074654;
			remoteInfo = "Lecture Calculator Demo";
		};
/* End PBXContainerItemProxy section */

/* Begin PBXFileReference section */
		4C91EC521ACF640A00074654 /* Lecture Calculator Demo.app */ = {isa = PBXFileReference; explicitFileType = wrapper.application; includeInIndex = 0; path = "Lecture Calculator Demo.app"; sourceTree = BUILT_PRODUCTS_DIR; };
		4C91EC561ACF640A00074654 /* Info.plist */ = {isa = PBXFileReference; lastKnownFileType = text.plist.xml; path = Info.plist; sourceTree = "<group>"; };
		4C91EC571ACF640A00074654 /* AppDelegate.swift */ = {isa = PBXFileReference; lastKnownFileType = sourcecode.swift; path = AppDelegate.swift; sourceTree = "<group>"; };
		4C91EC591ACF640A00074654 /* ViewController.swift */ = {isa = PBXFileReference; lastKnownFileType = sourcecode.swift; path = ViewController.swift; sourceTree = "<group>"; };
		4C91EC5C1ACF640A00074654 /* Base */ = {isa = PBXFileReference; lastKnownFileType = file.storyboard; name = Base; path = Base.lproj/Main.storyboard; sourceTree = "<group>"; };
		4C91EC5E1ACF640A00074654 /* Images.xcassets */ = {isa = PBXFileReference; lastKnownFileType = folder.assetcatalog; path = Images.xcassets; sourceTree = "<group>"; };
		4C91EC611ACF640A00074654 /* Base */ = {isa = PBXFileReference; lastKnownFileType = file.xib; name = Base; path = Base.lproj/LaunchScreen.xib; sourceTree = "<group>"; };
		4C91EC671ACF640A00074654 /* Lecture Calculator DemoTests.xctest */ = {isa = PBXFileReference; explicitFileType = wrapper.cfbundle; includeInIndex = 0; path = "Lecture Calculator DemoTests.xctest"; sourceTree = BUILT_PRODUCTS_DIR; };
		4C91EC6C1ACF640A00074654 /* Info.plist */ = {isa = PBXFileReference; lastKnownFileType = text.plist.xml; path = Info.plist; sourceTree = "<group>"; };
		4C91EC6D1ACF640A00074654 /* Lecture_Calculator_DemoTests.swift */ = {isa = PBXFileReference; lastKnownFileType = sourcecode.swift; path = Lecture_Calculator_DemoTests.swift; sourceTree = "<group>"; };
		4CE1CEB61AD89D4800EBB08C /* CalculatorBrain.swift */ = {isa = PBXFileReference; fileEncoding = 4; lastKnownFileType = sourcecode.swift; path = CalculatorBrain.swift; sourceTree = "<group>"; };
/* End PBXFileReference section */

/* Begin PBXFrameworksBuildPhase section */
		4C91EC4F1ACF640900074654 /* Frameworks */ = {
			isa = PBXFrameworksBuildPhase;
			buildActionMask = 2147483647;
			files = (
			);
			runOnlyForDeploymentPostprocessing = 0;
		};
		4C91EC641ACF640A00074654 /* Frameworks */ = {
			isa = PBXFrameworksBuildPhase;
			buildActionMask = 2147483647;
			files = (
			);
			runOnlyForDeploymentPostprocessing = 0;
		};
/* End PBXFrameworksBuildPhase section */

/* Begin PBXGroup section */
		4C91EC491ACF640900074654 = {
			isa = PBXGroup;
			children = (
				4C91EC541ACF640A00074654 /* Lecture Calculator Demo */,
				4C91EC6A1ACF640A00074654 /* Lecture Calculator DemoTests */,
				4C91EC531ACF640A00074654 /* Products */,
			);
			sourceTree = "<group>";
		};
		4C91EC531ACF640A00074654 /* Products */ = {
			isa = PBXGroup;
			children = (
				4C91EC521ACF640A00074654 /* Lecture Calculator Demo.app */,
				4C91EC671ACF640A00074654 /* Lecture Calculator DemoTests.xctest */,
			);
			name = Products;
			sourceTree = "<group>";
		};
		4C91EC541ACF640A00074654 /* Lecture Calculator Demo */ = {
			isa = PBXGroup;
			children = (
				4C91EC591ACF640A00074654 /* ViewController.swift */,
				4CE1CEB61AD89D4800EBB08C /* CalculatorBrain.swift */,
				4C91EC5B1ACF640A00074654 /* Main.storyboard */,
				4C91EC551ACF640A00074654 /* Supporting Files */,
			);
			path = "Lecture Calculator Demo";
			sourceTree = "<group>";
		};
		4C91EC551ACF640A00074654 /* Supporting Files */ = {
			isa = PBXGroup;
			children = (
				4C91EC571ACF640A00074654 /* AppDelegate.swift */,
				4C91EC601ACF640A00074654 /* LaunchScreen.xib */,
				4C91EC5E1ACF640A00074654 /* Images.xcassets */,
				4C91EC561ACF640A00074654 /* Info.plist */,
			);
			name = "Supporting Files";
			sourceTree = "<group>";
		};
		4C91EC6A1ACF640A00074654 /* Lecture Calculator DemoTests */ = {
			isa = PBXGroup;
			children = (
				4C91EC6D1ACF640A00074654 /* Lecture_Calculator_DemoTests.swift */,
				4C91EC6B1ACF640A00074654 /* Supporting Files */,
			);
			path = "Lecture Calculator DemoTests";
			sourceTree = "<group>";
		};
		4C91EC6B1ACF640A00074654 /* Supporting Files */ = {
			isa = PBXGroup;
			children = (
				4C91EC6C1ACF640A00074654 /* Info.plist */,
			);
			name = "Supporting Files";
			sourceTree = "<group>";
		};
/* End PBXGroup section */

/* Begin PBXNativeTarget section */
		4C91EC511ACF640900074654 /* Lecture Calculator Demo */ = {
			isa = PBXNativeTarget;
			buildConfigurationList = 4C91EC711ACF640A00074654 /* Build configuration list for PBXNativeTarget "Lecture Calculator Demo" */;
			buildPhases = (
				4C91EC4E1ACF640900074654 /* Sources */,
				4C91EC4F1ACF640900074654 /* Frameworks */,
				4C91EC501ACF640900074654 /* Resources */,
			);
			buildRules = (
			);
			dependencies = (
			);
			name = "Lecture Calculator Demo";
			productName = "Lecture Calculator Demo";
			productReference = 4C91EC521ACF640A00074654 /* Lecture Calculator Demo.app */;
			productType = "com.apple.product-type.application";
		};
		4C91EC661ACF640A00074654 /* Lecture Calculator DemoTests */ = {
			isa = PBXNativeTarget;
			buildConfigurationList = 4C91EC741ACF640A00074654 /* Build configuration list for PBXNativeTarget "Lecture Calculator DemoTests" */;
			buildPhases = (
				4C91EC631ACF640A00074654 /* Sources */,
				4C91EC641ACF640A00074654 /* Frameworks */,
				4C91EC651ACF640A00074654 /* Resources */,
			);
			buildRules = (
			);
			dependencies = (
				4C91EC691ACF640A00074654 /* PBXTargetDependency */,
			);
			name = "Lecture Calculator DemoTests";
			productName = "Lecture Calculator DemoTests";
			productReference = 4C91EC671ACF640A00074654 /* Lecture Calculator DemoTests.xctest */;
			productType = "com.apple.product-type.bundle.unit-test";
		};
/* End PBXNativeTarget section */

/* Begin PBXProject section */
		4C91EC4A1ACF640900074654 /* Project object */ = {
			isa = PBXProject;
			attributes = {
				LastUpgradeCheck = 0620;
				ORGANIZATIONNAME = Michael;
				TargetAttributes = {
					4C91EC511ACF640900074654 = {
						CreatedOnToolsVersion = 6.2;
					};
					4C91EC661ACF640A00074654 = {
						CreatedOnToolsVersion = 6.2;
						TestTargetID = 4C91EC511ACF640900074654;
					};
				};
			};
			buildConfigurationList = 4C91EC4D1ACF640900074654 /* Build configuration list for PBXProject "Lecture Calculator Demo" */;
			compatibilityVersion = "Xcode 3.2";
			developmentRegion = English;
			hasScannedForEncodings = 0;
			knownRegions = (
				en,
				Base,
			);
			mainGroup = 4C91EC491ACF640900074654;
			productRefGroup = 4C91EC531ACF640A00074654 /* Products */;
			projectDirPath = "";
			projectRoot = "";
			targets = (
				4C91EC511ACF640900074654 /* Lecture Calculator Demo */,
				4C91EC661ACF640A00074654 /* Lecture Calculator DemoTests */,
			);
		};
/* End PBXProject section */

/* Begin PBXResourcesBuildPhase section */
		4C91EC501ACF640900074654 /* Resources */ = {
			isa = PBXResourcesBuildPhase;
			buildActionMask = 2147483647;
			files = (
				4C91EC5D1ACF640A00074654 /* Main.storyboard in Resources */,
				4C91EC621ACF640A00074654 /* LaunchScreen.xib in Resources */,
				4C91EC5F1ACF640A00074654 /* Images.xcassets in Resources */,
			);
			runOnlyForDeploymentPostprocessing = 0;
		};
		4C91EC651ACF640A00074654 /* Resources */ = {
			isa = PBXResourcesBuildPhase;
			buildActionMask = 2147483647;
			files = (
			);
			runOnlyForDeploymentPostprocessing = 0;
		};
/* End PBXResourcesBuildPhase section */

/* Begin PBXSourcesBuildPhase section */
		4C91EC4E1ACF640900074654 /* Sources */ = {
			isa = PBXSourcesBuildPhase;
			buildActionMask = 2147483647;
			files = (
				4CE1CEB71AD89D4800EBB08C /* CalculatorBrain.swift in Sources */,
				4C91EC5A1ACF640A00074654 /* ViewController.swift in Sources */,
				4C91EC581ACF640A00074654 /* AppDelegate.swift in Sources */,
			);
			runOnlyForDeploymentPostprocessing = 0;
		};
		4C91EC631ACF640A00074654 /* Sources */ = {
			isa = PBXSourcesBuildPhase;
			buildActionMask = 2147483647;
			files = (
				4C91EC6E1ACF640A00074654 /* Lecture_Calculator_DemoTests.swift in Sources */,
			);
			runOnlyForDeploymentPostprocessing = 0;
		};
/* End PBXSourcesBuildPhase section */

/* Begin PBXTargetDependency section */
		4C91EC691ACF640A00074654 /* PBXTargetDependency */ = {
			isa = PBXTargetDependency;
			target = 4C91EC511ACF640900074654 /* Lecture Calculator Demo */;
			targetProxy = 4C91EC681ACF640A00074654 /* PBXContainerItemProxy */;
		};
/* End PBXTargetDependency section */

/* Begin PBXVariantGroup section */
		4C91EC5B1ACF640A00074654 /* Main.storyboard */ = {
			isa = PBXVariantGroup;
			children = (
				4C91EC5C1ACF640A00074654 /* Base */,
			);
			name = Main.storyboard;
			sourceTree = "<group>";
		};
		4C91EC601ACF640A00074654 /* LaunchScreen.xib */ = {
			isa = PBXVariantGroup;
			children = (
				4C91EC611ACF640A00074654 /* Base */,
			);
			name = LaunchScreen.xib;
			sourceTree = "<group>";
		};
/* End PBXVariantGroup section */

/* Begin XCBuildConfiguration section */
		4C91EC6F1ACF640A00074654 /* Debug */ = {
			isa = XCBuildConfiguration;
			buildSettings = {
				ALWAYS_SEARCH_USER_PATHS = NO;
				CLANG_CXX_LANGUAGE_STANDARD = "gnu++0x";
				CLANG_CXX_LIBRARY = "libc++";
				CLANG_ENABLE_MODULES = YES;
				CLANG_ENABLE_OBJC_ARC = YES;
				CLANG_WARN_BOOL_CONVERSION = YES;
				CLANG_WARN_CONSTANT_CONVERSION = YES;
				CLANG_WARN_DIRECT_OBJC_ISA_USAGE = YES_ERROR;
				CLANG_WARN_EMPTY_BODY = YES;
				CLANG_WARN_ENUM_CONVERSION = YES;
				CLANG_WARN_INT_CONVERSION = YES;
				CLANG_WARN_OBJC_ROOT_CLASS = YES_ERROR;
				CLANG_WARN_UNREACHABLE_CODE = YES;
				CLANG_WARN__DUPLICATE_METHOD_MATCH = YES;
				"CODE_SIGN_IDENTITY[sdk=iphoneos*]" = "iPhone Developer";
				COPY_PHASE_STRIP = NO;
				ENABLE_STRICT_OBJC_MSGSEND = YES;
				GCC_C_LANGUAGE_STANDARD = gnu99;
				GCC_DYNAMIC_NO_PIC = NO;
				GCC_OPTIMIZATION_LEVEL = 0;
				GCC_PREPROCESSOR_DEFINITIONS = (
					"DEBUG=1",
					"$(inherited)",
				);
				GCC_SYMBOLS_PRIVATE_EXTERN = NO;
				GCC_WARN_64_TO_32_BIT_CONVERSION = YES;
				GCC_WARN_ABOUT_RETURN_TYPE = YES_ERROR;
				GCC_WARN_UNDECLARED_SELECTOR = YES;
				GCC_WARN_UNINITIALIZED_AUTOS = YES_AGGRESSIVE;
				GCC_WARN_UNUSED_FUNCTION = YES;
				GCC_WARN_UNUSED_VARIABLE = YES;
				IPHONEOS_DEPLOYMENT_TARGET = 8.2;
				MTL_ENABLE_DEBUG_INFO = YES;
				ONLY_ACTIVE_ARCH = YES;
				SDKROOT = iphoneos;
				SWIFT_OPTIMIZATION_LEVEL = "-Onone";
				TARGETED_DEVICE_FAMILY = "1,2";
			};
			name = Debug;
		};
		4C91EC701ACF640A00074654 /* Release */ = {
			isa = XCBuildConfiguration;
			buildSettings = {
				ALWAYS_SEARCH_USER_PATHS = NO;
				CLANG_CXX_LANGUAGE_STANDARD = "gnu++0x";
				CLANG_CXX_LIBRARY = "libc++";
				CLANG_ENABLE_MODULES = YES;
				CLANG_ENABLE_OBJC_ARC = YES;
				CLANG_WARN_BOOL_CONVERSION = YES;
				CLANG_WARN_CONSTANT_CONVERSION = YES;
				CLANG_WARN_DIRECT_OBJC_ISA_USAGE = YES_ERROR;
				CLANG_WARN_EMPTY_BODY = YES;
				CLANG_WARN_ENUM_CONVERSION = YES;
				CLANG_WARN_INT_CONVERSION = YES;
				CLANG_WARN_OBJC_ROOT_CLASS = YES_ERROR;
				CLANG_WARN_UNREACHABLE_CODE = YES;
				CLANG_WARN__DUPLICATE_METHOD_MATCH = YES;
				"CODE_SIGN_IDENTITY[sdk=iphoneos*]" = "iPhone Developer";
				COPY_PHASE_STRIP = NO;
				ENABLE_NS_ASSERTIONS = NO;
				ENABLE_STRICT_OBJC_MSGSEND = YES;
				GCC_C_LANGUAGE_STANDARD = gnu99;
				GCC_WARN_64_TO_32_BIT_CONVERSION = YES;
				GCC_WARN_ABOUT_RETURN_TYPE = YES_ERROR;
				GCC_WARN_UNDECLARED_SELECTOR = YES;
				GCC_WARN_UNINITIALIZED_AUTOS = YES_AGGRESSIVE;
				GCC_WARN_UNUSED_FUNCTION = YES;
				GCC_WARN_UNUSED_VARIABLE = YES;
				IPHONEOS_DEPLOYMENT_TARGET = 8.2;
				MTL_ENABLE_DEBUG_INFO = NO;
				SDKROOT = iphoneos;
				TARGETED_DEVICE_FAMILY = "1,2";
				VALIDATE_PRODUCT = YES;
			};
			name = Release;
		};
		4C91EC721ACF640A00074654 /* Debug */ = {
			isa = XCBuildConfiguration;
			buildSettings = {
				ASSETCATALOG_COMPILER_APPICON_NAME = AppIcon;
				INFOPLIST_FILE = "Lecture Calculator Demo/Info.plist";
				LD_RUNPATH_SEARCH_PATHS = "$(inherited) @executable_path/Frameworks";
				PRODUCT_NAME = "$(TARGET_NAME)";
			};
			name = Debug;
		};
		4C91EC731ACF640A00074654 /* Release */ = {
			isa = XCBuildConfiguration;
			buildSettings = {
				ASSETCATALOG_COMPILER_APPICON_NAME = AppIcon;
				INFOPLIST_FILE = "Lecture Calculator Demo/Info.plist";
				LD_RUNPATH_SEARCH_PATHS = "$(inherited) @executable_path/Frameworks";
				PRODUCT_NAME = "$(TARGET_NAME)";
			};
			name = Release;
		};
		4C91EC751ACF640A00074654 /* Debug */ = {
			isa = XCBuildConfiguration;
			buildSettings = {
				BUNDLE_LOADER = "$(TEST_HOST)";
				FRAMEWORK_SEARCH_PATHS = (
					"$(SDKROOT)/Developer/Library/Frameworks",
					"$(inherited)",
				);
				GCC_PREPROCESSOR_DEFINITIONS = (
					"DEBUG=1",
					"$(inherited)",
				);
				INFOPLIST_FILE = "Lecture Calculator DemoTests/Info.plist";
				LD_RUNPATH_SEARCH_PATHS = "$(inherited) @executable_path/Frameworks @loader_path/Frameworks";
				PRODUCT_NAME = "$(TARGET_NAME)";
				TEST_HOST = "$(BUILT_PRODUCTS_DIR)/Lecture Calculator Demo.app/Lecture Calculator Demo";
			};
			name = Debug;
		};
		4C91EC761ACF640A00074654 /* Release */ = {
			isa = XCBuildConfiguration;
			buildSettings = {
				BUNDLE_LOADER = "$(TEST_HOST)";
				FRAMEWORK_SEARCH_PATHS = (
					"$(SDKROOT)/Developer/Library/Frameworks",
					"$(inherited)",
				);
				INFOPLIST_FILE = "Lecture Calculator DemoTests/Info.plist";
				LD_RUNPATH_SEARCH_PATHS = "$(inherited) @executable_path/Frameworks @loader_path/Frameworks";
				PRODUCT_NAME = "$(TARGET_NAME)";
				TEST_HOST = "$(BUILT_PRODUCTS_DIR)/Lecture Calculator Demo.app/Lecture Calculator Demo";
			};
			name = Release;
		};
/* End XCBuildConfiguration section */

/* Begin XCConfigurationList section */
		4C91EC4D1ACF640900074654 /* Build configuration list for PBXProject "Lecture Calculator Demo" */ = {
			isa = XCConfigurationList;
			buildConfigurations = (
				4C91EC6F1ACF640A00074654 /* Debug */,
				4C91EC701ACF640A00074654 /* Release */,
			);
			defaultConfigurationIsVisible = 0;
			defaultConfigurationName = Release;
		};
		4C91EC711ACF640A00074654 /* Build configuration list for PBXNativeTarget "Lecture Calculator Demo" */ = {
			isa = XCConfigurationList;
			buildConfigurations = (
				4C91EC721ACF640A00074654 /* Debug */,
				4C91EC731ACF640A00074654 /* Release */,
			);
			defaultConfigurationIsVisible = 0;
			defaultConfigurationName = Release;
		};
		4C91EC741ACF640A00074654 /* Build configuration list for PBXNativeTarget "Lecture Calculator DemoTests" */ = {
			isa = XCConfigurationList;
			buildConfigurations = (
				4C91EC751ACF640A00074654 /* Debug */,
				4C91EC761ACF640A00074654 /* Release */,
			);
			defaultConfigurationIsVisible = 0;
			defaultConfigurationName = Release;
		};
/* End XCConfigurationList section */
	};
	rootObject = 4C91EC4A1ACF640900074654 /* Project object */;
}
